
Microsoft Visual Studio Solution File, Format Version 12.00
# Visual Studio Version 17
VisualStudioVersion = 17.11.35327.3
MinimumVisualStudioVersion = 10.0.40219.1
Project("{FAE04EC0-301F-11D3-BF4B-00C04F79EFBC}") = "DesafioAlura.RPA", "DesafioAlura.RPA\DesafioAlura.RPA.csproj", "{047858F2-8910-423B-85B7-928016565C5C}"
EndProject
Global
	GlobalSection(SolutionConfigurationPlatforms) = preSolution
		Debug|Any CPU = Debug|Any CPU
		Release|Any CPU = Release|Any CPU
	EndGlobalSection
	GlobalSection(ProjectConfigurationPlatforms) = postSolution
		{047858F2-8910-423B-85B7-928016565C5C}.Debug|Any CPU.ActiveCfg = Debug|Any CPU
		{047858F2-8910-423B-85B7-928016565C5C}.Debug|Any CPU.Build.0 = Debug|Any CPU
		{047858F2-8910-423B-85B7-928016565C5C}.Release|Any CPU.ActiveCfg = Release|Any CPU
		{047858F2-8910-423B-85B7-928016565C5C}.Release|Any CPU.Build.0 = Release|Any CPU
	EndGlobalSection
	GlobalSection(SolutionProperties) = preSolution
		HideSolutionNode = FALSE
	EndGlobalSection
	GlobalSection(ExtensibilityGlobals) = postSolution
		SolutionGuid = {0E5C4E34-35A7-4124-8AD4-9AD6A268B9E7}
	EndGlobalSection
EndGlobal
